// !$*UTF8*$!
{
	archiveVersion = 1;
	classes = {
	};
	objectVersion = 56;
	objects = {

/* Begin PBXBuildFile section */
		119273082A0A7150006F9A1E /* AppDelegate.swift in Sources */ = {isa = PBXBuildFile; fileRef = 119273072A0A7150006F9A1E /* AppDelegate.swift */; };
		1192730A2A0A7150006F9A1E /* SceneDelegate.swift in Sources */ = {isa = PBXBuildFile; fileRef = 119273092A0A7150006F9A1E /* SceneDelegate.swift */; };
		1192730C2A0A7150006F9A1E /* ViewController.swift in Sources */ = {isa = PBXBuildFile; fileRef = 1192730B2A0A7150006F9A1E /* ViewController.swift */; };
		1192730F2A0A7150006F9A1E /* Main.storyboard in Resources */ = {isa = PBXBuildFile; fileRef = 1192730D2A0A7150006F9A1E /* Main.storyboard */; };
		119273112A0A7151006F9A1E /* Assets.xcassets in Resources */ = {isa = PBXBuildFile; fileRef = 119273102A0A7151006F9A1E /* Assets.xcassets */; };
		119273142A0A7151006F9A1E /* LaunchScreen.storyboard in Resources */ = {isa = PBXBuildFile; fileRef = 119273122A0A7151006F9A1E /* LaunchScreen.storyboard */; };
		1192731F2A0A7151006F9A1E /* DeezerAppTests.swift in Sources */ = {isa = PBXBuildFile; fileRef = 1192731E2A0A7151006F9A1E /* DeezerAppTests.swift */; };
		119273292A0A7151006F9A1E /* DeezerAppUITests.swift in Sources */ = {isa = PBXBuildFile; fileRef = 119273282A0A7151006F9A1E /* DeezerAppUITests.swift */; };
		1192732B2A0A7151006F9A1E /* DeezerAppUITestsLaunchTests.swift in Sources */ = {isa = PBXBuildFile; fileRef = 1192732A2A0A7151006F9A1E /* DeezerAppUITestsLaunchTests.swift */; };
		1192733F2A0A7E1D006F9A1E /* KategoriModel.swift in Sources */ = {isa = PBXBuildFile; fileRef = 1192733E2A0A7E1D006F9A1E /* KategoriModel.swift */; };
		119273432A0AD8CE006F9A1E /* KategoriManager.swift in Sources */ = {isa = PBXBuildFile; fileRef = 119273422A0AD8CE006F9A1E /* KategoriManager.swift */; };
		119273472A0ADA6D006F9A1E /* KategoriHucre.swift in Sources */ = {isa = PBXBuildFile; fileRef = 119273462A0ADA6D006F9A1E /* KategoriHucre.swift */; };
		119273492A0B9CD7006F9A1E /* ArtistViewController.swift in Sources */ = {isa = PBXBuildFile; fileRef = 119273482A0B9CD7006F9A1E /* ArtistViewController.swift */; };
		1192734B2A0BAA4C006F9A1E /* ArtistManager.swift in Sources */ = {isa = PBXBuildFile; fileRef = 1192734A2A0BAA4C006F9A1E /* ArtistManager.swift */; };
		1192734D2A0BABF7006F9A1E /* ArtistModel.swift in Sources */ = {isa = PBXBuildFile; fileRef = 1192734C2A0BABF7006F9A1E /* ArtistModel.swift */; };
		119273512A0BB0FE006F9A1E /* ArtistHucre.swift in Sources */ = {isa = PBXBuildFile; fileRef = 119273502A0BB0FE006F9A1E /* ArtistHucre.swift */; };
		119273532A0BC2F8006F9A1E /* Kategori.swift in Sources */ = {isa = PBXBuildFile; fileRef = 119273522A0BC2F8006F9A1E /* Kategori.swift */; };
		119273552A0BEF8E006F9A1E /* ArtistDetayViewController.swift in Sources */ = {isa = PBXBuildFile; fileRef = 119273542A0BEF8E006F9A1E /* ArtistDetayViewController.swift */; };
		119273572A0BF728006F9A1E /* ArtistModelDetay.swift in Sources */ = {isa = PBXBuildFile; fileRef = 119273562A0BF728006F9A1E /* ArtistModelDetay.swift */; };
		119273592A0BF859006F9A1E /* ArtistDetayManager.swift in Sources */ = {isa = PBXBuildFile; fileRef = 119273582A0BF859006F9A1E /* ArtistDetayManager.swift */; };
		1192735B2A0C0643006F9A1E /* AlbumHucre.swift in Sources */ = {isa = PBXBuildFile; fileRef = 1192735A2A0C0643006F9A1E /* AlbumHucre.swift */; };
		1192735D2A0C0D30006F9A1E /* ArtistModelAlbum.swift in Sources */ = {isa = PBXBuildFile; fileRef = 1192735C2A0C0D30006F9A1E /* ArtistModelAlbum.swift */; };
		11D02E4F2A0D183D00246735 /* ArtistTrackViewController.swift in Sources */ = {isa = PBXBuildFile; fileRef = 11D02E4E2A0D183D00246735 /* ArtistTrackViewController.swift */; };
		11D02E512A0D1B0900246735 /* ArtistTracksModel.swift in Sources */ = {isa = PBXBuildFile; fileRef = 11D02E502A0D1B0900246735 /* ArtistTracksModel.swift */; };
		11D02E532A0D1C9700246735 /* ArtistTracksModelManager.swift in Sources */ = {isa = PBXBuildFile; fileRef = 11D02E522A0D1C9700246735 /* ArtistTracksModelManager.swift */; };
		11D02E552A0D1FB500246735 /* TrakcsHucre.swift in Sources */ = {isa = PBXBuildFile; fileRef = 11D02E542A0D1FB500246735 /* TrakcsHucre.swift */; };
		11D02E572A0E54E200246735 /* Tracks.swift in Sources */ = {isa = PBXBuildFile; fileRef = 11D02E562A0E54E200246735 /* Tracks.swift */; };
		11D02E652A0E556A00246735 /* FMDatabaseQueue.m in Sources */ = {isa = PBXBuildFile; fileRef = 11D02E5A2A0E556A00246735 /* FMDatabaseQueue.m */; };
		11D02E662A0E556A00246735 /* FMResultSet.m in Sources */ = {isa = PBXBuildFile; fileRef = 11D02E5E2A0E556A00246735 /* FMResultSet.m */; };
		11D02E672A0E556A00246735 /* FMDatabasePool.m in Sources */ = {isa = PBXBuildFile; fileRef = 11D02E5F2A0E556A00246735 /* FMDatabasePool.m */; };
		11D02E682A0E556A00246735 /* FMDatabase.m in Sources */ = {isa = PBXBuildFile; fileRef = 11D02E602A0E556A00246735 /* FMDatabase.m */; };
		11D02E692A0E556A00246735 /* FMDatabaseAdditions.m in Sources */ = {isa = PBXBuildFile; fileRef = 11D02E642A0E556A00246735 /* FMDatabaseAdditions.m */; };
		11D02E6D2A0E55E900246735 /* TracksDao.swift in Sources */ = {isa = PBXBuildFile; fileRef = 11D02E6C2A0E55E900246735 /* TracksDao.swift */; };
		11D02E6F2A0E6CCA00246735 /* FavoriteTracksHucre.swift in Sources */ = {isa = PBXBuildFile; fileRef = 11D02E6E2A0E6CCA00246735 /* FavoriteTracksHucre.swift */; };
		11D02E712A0E6E4200246735 /* FavoriteTracksViewController.swift in Sources */ = {isa = PBXBuildFile; fileRef = 11D02E702A0E6E4200246735 /* FavoriteTracksViewController.swift */; };
		11D02E742A0E736D00246735 /* libsqlite3.tbd in Frameworks */ = {isa = PBXBuildFile; fileRef = 11D02E732A0E736700246735 /* libsqlite3.tbd */; };
		11D02E762A0E748A00246735 /* trakcs.sqlite in Resources */ = {isa = PBXBuildFile; fileRef = 11D02E752A0E748A00246735 /* trakcs.sqlite */; };
/* End PBXBuildFile section */

/* Begin PBXContainerItemProxy section */
		1192731B2A0A7151006F9A1E /* PBXContainerItemProxy */ = {
			isa = PBXContainerItemProxy;
			containerPortal = 119272FC2A0A7150006F9A1E /* Project object */;
			proxyType = 1;
			remoteGlobalIDString = 119273032A0A7150006F9A1E;
			remoteInfo = DeezerApp;
		};
		119273252A0A7151006F9A1E /* PBXContainerItemProxy */ = {
			isa = PBXContainerItemProxy;
			containerPortal = 119272FC2A0A7150006F9A1E /* Project object */;
			proxyType = 1;
			remoteGlobalIDString = 119273032A0A7150006F9A1E;
			remoteInfo = DeezerApp;
		};
/* End PBXContainerItemProxy section */

/* Begin PBXFileReference section */
		119273042A0A7150006F9A1E /* DeezerApp.app */ = {isa = PBXFileReference; explicitFileType = wrapper.application; includeInIndex = 0; path = DeezerApp.app; sourceTree = BUILT_PRODUCTS_DIR; };
		119273072A0A7150006F9A1E /* AppDelegate.swift */ = {isa = PBXFileReference; lastKnownFileType = sourcecode.swift; path = AppDelegate.swift; sourceTree = "<group>"; };
		119273092A0A7150006F9A1E /* SceneDelegate.swift */ = {isa = PBXFileReference; lastKnownFileType = sourcecode.swift; path = SceneDelegate.swift; sourceTree = "<group>"; };
		1192730B2A0A7150006F9A1E /* ViewController.swift */ = {isa = PBXFileReference; lastKnownFileType = sourcecode.swift; path = ViewController.swift; sourceTree = "<group>"; };
		1192730E2A0A7150006F9A1E /* Base */ = {isa = PBXFileReference; lastKnownFileType = file.storyboard; name = Base; path = Base.lproj/Main.storyboard; sourceTree = "<group>"; };
		119273102A0A7151006F9A1E /* Assets.xcassets */ = {isa = PBXFileReference; lastKnownFileType = folder.assetcatalog; path = Assets.xcassets; sourceTree = "<group>"; };
		119273132A0A7151006F9A1E /* Base */ = {isa = PBXFileReference; lastKnownFileType = file.storyboard; name = Base; path = Base.lproj/LaunchScreen.storyboard; sourceTree = "<group>"; };
		119273152A0A7151006F9A1E /* Info.plist */ = {isa = PBXFileReference; lastKnownFileType = text.plist.xml; path = Info.plist; sourceTree = "<group>"; };
		1192731A2A0A7151006F9A1E /* DeezerAppTests.xctest */ = {isa = PBXFileReference; explicitFileType = wrapper.cfbundle; includeInIndex = 0; path = DeezerAppTests.xctest; sourceTree = BUILT_PRODUCTS_DIR; };
		1192731E2A0A7151006F9A1E /* DeezerAppTests.swift */ = {isa = PBXFileReference; lastKnownFileType = sourcecode.swift; path = DeezerAppTests.swift; sourceTree = "<group>"; };
		119273242A0A7151006F9A1E /* DeezerAppUITests.xctest */ = {isa = PBXFileReference; explicitFileType = wrapper.cfbundle; includeInIndex = 0; path = DeezerAppUITests.xctest; sourceTree = BUILT_PRODUCTS_DIR; };
		119273282A0A7151006F9A1E /* DeezerAppUITests.swift */ = {isa = PBXFileReference; lastKnownFileType = sourcecode.swift; path = DeezerAppUITests.swift; sourceTree = "<group>"; };
		1192732A2A0A7151006F9A1E /* DeezerAppUITestsLaunchTests.swift */ = {isa = PBXFileReference; lastKnownFileType = sourcecode.swift; path = DeezerAppUITestsLaunchTests.swift; sourceTree = "<group>"; };
		1192733E2A0A7E1D006F9A1E /* KategoriModel.swift */ = {isa = PBXFileReference; lastKnownFileType = sourcecode.swift; path = KategoriModel.swift; sourceTree = "<group>"; };
		119273422A0AD8CE006F9A1E /* KategoriManager.swift */ = {isa = PBXFileReference; lastKnownFileType = sourcecode.swift; path = KategoriManager.swift; sourceTree = "<group>"; };
		119273462A0ADA6D006F9A1E /* KategoriHucre.swift */ = {isa = PBXFileReference; lastKnownFileType = sourcecode.swift; path = KategoriHucre.swift; sourceTree = "<group>"; };
		119273482A0B9CD7006F9A1E /* ArtistViewController.swift */ = {isa = PBXFileReference; indentWidth = 3; lastKnownFileType = sourcecode.swift; path = ArtistViewController.swift; sourceTree = "<group>"; };
		1192734A2A0BAA4C006F9A1E /* ArtistManager.swift */ = {isa = PBXFileReference; lastKnownFileType = sourcecode.swift; path = ArtistManager.swift; sourceTree = "<group>"; };
		1192734C2A0BABF7006F9A1E /* ArtistModel.swift */ = {isa = PBXFileReference; lastKnownFileType = sourcecode.swift; path = ArtistModel.swift; sourceTree = "<group>"; };
		119273502A0BB0FE006F9A1E /* ArtistHucre.swift */ = {isa = PBXFileReference; lastKnownFileType = sourcecode.swift; path = ArtistHucre.swift; sourceTree = "<group>"; };
		119273522A0BC2F8006F9A1E /* Kategori.swift */ = {isa = PBXFileReference; lastKnownFileType = sourcecode.swift; path = Kategori.swift; sourceTree = "<group>"; };
		119273542A0BEF8E006F9A1E /* ArtistDetayViewController.swift */ = {isa = PBXFileReference; lastKnownFileType = sourcecode.swift; path = ArtistDetayViewController.swift; sourceTree = "<group>"; };
		119273562A0BF728006F9A1E /* ArtistModelDetay.swift */ = {isa = PBXFileReference; lastKnownFileType = sourcecode.swift; path = ArtistModelDetay.swift; sourceTree = "<group>"; };
		119273582A0BF859006F9A1E /* ArtistDetayManager.swift */ = {isa = PBXFileReference; lastKnownFileType = sourcecode.swift; path = ArtistDetayManager.swift; sourceTree = "<group>"; };
		1192735A2A0C0643006F9A1E /* AlbumHucre.swift */ = {isa = PBXFileReference; lastKnownFileType = sourcecode.swift; path = AlbumHucre.swift; sourceTree = "<group>"; };
		1192735C2A0C0D30006F9A1E /* ArtistModelAlbum.swift */ = {isa = PBXFileReference; lastKnownFileType = sourcecode.swift; path = ArtistModelAlbum.swift; sourceTree = "<group>"; };
		11D02E4E2A0D183D00246735 /* ArtistTrackViewController.swift */ = {isa = PBXFileReference; lastKnownFileType = sourcecode.swift; path = ArtistTrackViewController.swift; sourceTree = "<group>"; };
		11D02E502A0D1B0900246735 /* ArtistTracksModel.swift */ = {isa = PBXFileReference; lastKnownFileType = sourcecode.swift; path = ArtistTracksModel.swift; sourceTree = "<group>"; };
		11D02E522A0D1C9700246735 /* ArtistTracksModelManager.swift */ = {isa = PBXFileReference; lastKnownFileType = sourcecode.swift; path = ArtistTracksModelManager.swift; sourceTree = "<group>"; };
		11D02E542A0D1FB500246735 /* TrakcsHucre.swift */ = {isa = PBXFileReference; lastKnownFileType = sourcecode.swift; path = TrakcsHucre.swift; sourceTree = "<group>"; };
		11D02E562A0E54E200246735 /* Tracks.swift */ = {isa = PBXFileReference; lastKnownFileType = sourcecode.swift; path = Tracks.swift; sourceTree = "<group>"; };
		11D02E592A0E556900246735 /* DeezerApp-Bridging-Header.h */ = {isa = PBXFileReference; lastKnownFileType = sourcecode.c.h; path = "DeezerApp-Bridging-Header.h"; sourceTree = "<group>"; };
		11D02E5A2A0E556A00246735 /* FMDatabaseQueue.m */ = {isa = PBXFileReference; fileEncoding = 4; lastKnownFileType = sourcecode.c.objc; path = FMDatabaseQueue.m; sourceTree = "<group>"; };
		11D02E5B2A0E556A00246735 /* FMDatabasePool.h */ = {isa = PBXFileReference; fileEncoding = 4; lastKnownFileType = sourcecode.c.h; path = FMDatabasePool.h; sourceTree = "<group>"; };
		11D02E5C2A0E556A00246735 /* FMDatabaseQueue.h */ = {isa = PBXFileReference; fileEncoding = 4; lastKnownFileType = sourcecode.c.h; path = FMDatabaseQueue.h; sourceTree = "<group>"; };
		11D02E5D2A0E556A00246735 /* FMDB.h */ = {isa = PBXFileReference; fileEncoding = 4; lastKnownFileType = sourcecode.c.h; path = FMDB.h; sourceTree = "<group>"; };
		11D02E5E2A0E556A00246735 /* FMResultSet.m */ = {isa = PBXFileReference; fileEncoding = 4; lastKnownFileType = sourcecode.c.objc; path = FMResultSet.m; sourceTree = "<group>"; };
		11D02E5F2A0E556A00246735 /* FMDatabasePool.m */ = {isa = PBXFileReference; fileEncoding = 4; lastKnownFileType = sourcecode.c.objc; path = FMDatabasePool.m; sourceTree = "<group>"; };
		11D02E602A0E556A00246735 /* FMDatabase.m */ = {isa = PBXFileReference; fileEncoding = 4; lastKnownFileType = sourcecode.c.objc; path = FMDatabase.m; sourceTree = "<group>"; };
		11D02E612A0E556A00246735 /* FMDatabaseAdditions.h */ = {isa = PBXFileReference; fileEncoding = 4; lastKnownFileType = sourcecode.c.h; path = FMDatabaseAdditions.h; sourceTree = "<group>"; };
		11D02E622A0E556A00246735 /* FMResultSet.h */ = {isa = PBXFileReference; fileEncoding = 4; lastKnownFileType = sourcecode.c.h; path = FMResultSet.h; sourceTree = "<group>"; };
		11D02E632A0E556A00246735 /* FMDatabase.h */ = {isa = PBXFileReference; fileEncoding = 4; lastKnownFileType = sourcecode.c.h; path = FMDatabase.h; sourceTree = "<group>"; };
		11D02E642A0E556A00246735 /* FMDatabaseAdditions.m */ = {isa = PBXFileReference; fileEncoding = 4; lastKnownFileType = sourcecode.c.objc; path = FMDatabaseAdditions.m; sourceTree = "<group>"; };
		11D02E6C2A0E55E900246735 /* TracksDao.swift */ = {isa = PBXFileReference; lastKnownFileType = sourcecode.swift; path = TracksDao.swift; sourceTree = "<group>"; };
		11D02E6E2A0E6CCA00246735 /* FavoriteTracksHucre.swift */ = {isa = PBXFileReference; lastKnownFileType = sourcecode.swift; path = FavoriteTracksHucre.swift; sourceTree = "<group>"; };
		11D02E702A0E6E4200246735 /* FavoriteTracksViewController.swift */ = {isa = PBXFileReference; lastKnownFileType = sourcecode.swift; path = FavoriteTracksViewController.swift; sourceTree = "<group>"; };
		11D02E732A0E736700246735 /* libsqlite3.tbd */ = {isa = PBXFileReference; lastKnownFileType = "sourcecode.text-based-dylib-definition"; name = libsqlite3.tbd; path = usr/lib/libsqlite3.tbd; sourceTree = SDKROOT; };
		11D02E752A0E748A00246735 /* trakcs.sqlite */ = {isa = PBXFileReference; lastKnownFileType = file; path = trakcs.sqlite; sourceTree = "<group>"; };
/* End PBXFileReference section */

/* Begin PBXFrameworksBuildPhase section */
		119273012A0A7150006F9A1E /* Frameworks */ = {
			isa = PBXFrameworksBuildPhase;
			buildActionMask = 2147483647;
			files = (
				11D02E742A0E736D00246735 /* libsqlite3.tbd in Frameworks */,
			);
			runOnlyForDeploymentPostprocessing = 0;
		};
		119273172A0A7151006F9A1E /* Frameworks */ = {
			isa = PBXFrameworksBuildPhase;
			buildActionMask = 2147483647;
			files = (
			);
			runOnlyForDeploymentPostprocessing = 0;
		};
		119273212A0A7151006F9A1E /* Frameworks */ = {
			isa = PBXFrameworksBuildPhase;
			buildActionMask = 2147483647;
			files = (
			);
			runOnlyForDeploymentPostprocessing = 0;
		};
/* End PBXFrameworksBuildPhase section */

/* Begin PBXGroup section */
		119272FB2A0A7150006F9A1E = {
			isa = PBXGroup;
			children = (
				119273062A0A7150006F9A1E /* DeezerApp */,
				1192731D2A0A7151006F9A1E /* DeezerAppTests */,
				119273272A0A7151006F9A1E /* DeezerAppUITests */,
				119273052A0A7150006F9A1E /* Products */,
				11D02E722A0E736700246735 /* Frameworks */,
			);
			sourceTree = "<group>";
		};
		119273052A0A7150006F9A1E /* Products */ = {
			isa = PBXGroup;
			children = (
				119273042A0A7150006F9A1E /* DeezerApp.app */,
				1192731A2A0A7151006F9A1E /* DeezerAppTests.xctest */,
				119273242A0A7151006F9A1E /* DeezerAppUITests.xctest */,
			);
			name = Products;
			sourceTree = "<group>";
		};
		119273062A0A7150006F9A1E /* DeezerApp */ = {
			isa = PBXGroup;
			children = (
				11D02E582A0E553A00246735 /* Xqlite */,
				119273072A0A7150006F9A1E /* AppDelegate.swift */,
				119273092A0A7150006F9A1E /* SceneDelegate.swift */,
				119273392A0A7775006F9A1E /* Model */,
				119273372A0A7731006F9A1E /* Controller */,
				119273382A0A775C006F9A1E /* View */,
				119273102A0A7151006F9A1E /* Assets.xcassets */,
				119273122A0A7151006F9A1E /* LaunchScreen.storyboard */,
				119273152A0A7151006F9A1E /* Info.plist */,
			);
			path = DeezerApp;
			sourceTree = "<group>";
		};
		1192731D2A0A7151006F9A1E /* DeezerAppTests */ = {
			isa = PBXGroup;
			children = (
				1192731E2A0A7151006F9A1E /* DeezerAppTests.swift */,
			);
			path = DeezerAppTests;
			sourceTree = "<group>";
		};
		119273272A0A7151006F9A1E /* DeezerAppUITests */ = {
			isa = PBXGroup;
			children = (
				119273282A0A7151006F9A1E /* DeezerAppUITests.swift */,
				1192732A2A0A7151006F9A1E /* DeezerAppUITestsLaunchTests.swift */,
			);
			path = DeezerAppUITests;
			sourceTree = "<group>";
		};
		119273372A0A7731006F9A1E /* Controller */ = {
			isa = PBXGroup;
			children = (
				1192730B2A0A7150006F9A1E /* ViewController.swift */,
				119273482A0B9CD7006F9A1E /* ArtistViewController.swift */,
				119273542A0BEF8E006F9A1E /* ArtistDetayViewController.swift */,
				11D02E4E2A0D183D00246735 /* ArtistTrackViewController.swift */,
				11D02E702A0E6E4200246735 /* FavoriteTracksViewController.swift */,
			);
			path = Controller;
			sourceTree = "<group>";
		};
		119273382A0A775C006F9A1E /* View */ = {
			isa = PBXGroup;
			children = (
				1192730D2A0A7150006F9A1E /* Main.storyboard */,
			);
			path = View;
			sourceTree = "<group>";
		};
		119273392A0A7775006F9A1E /* Model */ = {
			isa = PBXGroup;
			children = (
				1192733E2A0A7E1D006F9A1E /* KategoriModel.swift */,
				119273422A0AD8CE006F9A1E /* KategoriManager.swift */,
				119273462A0ADA6D006F9A1E /* KategoriHucre.swift */,
				1192734A2A0BAA4C006F9A1E /* ArtistManager.swift */,
				1192734C2A0BABF7006F9A1E /* ArtistModel.swift */,
				119273502A0BB0FE006F9A1E /* ArtistHucre.swift */,
				119273522A0BC2F8006F9A1E /* Kategori.swift */,
				119273562A0BF728006F9A1E /* ArtistModelDetay.swift */,
				119273582A0BF859006F9A1E /* ArtistDetayManager.swift */,
				1192735A2A0C0643006F9A1E /* AlbumHucre.swift */,
				1192735C2A0C0D30006F9A1E /* ArtistModelAlbum.swift */,
				11D02E502A0D1B0900246735 /* ArtistTracksModel.swift */,
				11D02E522A0D1C9700246735 /* ArtistTracksModelManager.swift */,
				11D02E542A0D1FB500246735 /* TrakcsHucre.swift */,
				11D02E562A0E54E200246735 /* Tracks.swift */,
				11D02E6E2A0E6CCA00246735 /* FavoriteTracksHucre.swift */,
			);
			path = Model;
			sourceTree = "<group>";
		};
		11D02E582A0E553A00246735 /* Xqlite */ = {
			isa = PBXGroup;
			children = (
				11D02E752A0E748A00246735 /* trakcs.sqlite */,
				11D02E632A0E556A00246735 /* FMDatabase.h */,
				11D02E602A0E556A00246735 /* FMDatabase.m */,
				11D02E612A0E556A00246735 /* FMDatabaseAdditions.h */,
				11D02E642A0E556A00246735 /* FMDatabaseAdditions.m */,
				11D02E5B2A0E556A00246735 /* FMDatabasePool.h */,
				11D02E5F2A0E556A00246735 /* FMDatabasePool.m */,
				11D02E5C2A0E556A00246735 /* FMDatabaseQueue.h */,
				11D02E5A2A0E556A00246735 /* FMDatabaseQueue.m */,
				11D02E5D2A0E556A00246735 /* FMDB.h */,
				11D02E622A0E556A00246735 /* FMResultSet.h */,
				11D02E5E2A0E556A00246735 /* FMResultSet.m */,
				11D02E592A0E556900246735 /* DeezerApp-Bridging-Header.h */,
				11D02E6C2A0E55E900246735 /* TracksDao.swift */,
			);
			path = Xqlite;
			sourceTree = "<group>";
		};
		11D02E722A0E736700246735 /* Frameworks */ = {
			isa = PBXGroup;
			children = (
				11D02E732A0E736700246735 /* libsqlite3.tbd */,
			);
			name = Frameworks;
			sourceTree = "<group>";
		};
/* End PBXGroup section */

/* Begin PBXNativeTarget section */
		119273032A0A7150006F9A1E /* DeezerApp */ = {
			isa = PBXNativeTarget;
			buildConfigurationList = 1192732E2A0A7151006F9A1E /* Build configuration list for PBXNativeTarget "DeezerApp" */;
			buildPhases = (
				119273002A0A7150006F9A1E /* Sources */,
				119273012A0A7150006F9A1E /* Frameworks */,
				119273022A0A7150006F9A1E /* Resources */,
			);
			buildRules = (
			);
			dependencies = (
			);
			name = DeezerApp;
			productName = DeezerApp;
			productReference = 119273042A0A7150006F9A1E /* DeezerApp.app */;
			productType = "com.apple.product-type.application";
		};
		119273192A0A7151006F9A1E /* DeezerAppTests */ = {
			isa = PBXNativeTarget;
			buildConfigurationList = 119273312A0A7151006F9A1E /* Build configuration list for PBXNativeTarget "DeezerAppTests" */;
			buildPhases = (
				119273162A0A7151006F9A1E /* Sources */,
				119273172A0A7151006F9A1E /* Frameworks */,
				119273182A0A7151006F9A1E /* Resources */,
			);
			buildRules = (
			);
			dependencies = (
				1192731C2A0A7151006F9A1E /* PBXTargetDependency */,
			);
			name = DeezerAppTests;
			productName = DeezerAppTests;
			productReference = 1192731A2A0A7151006F9A1E /* DeezerAppTests.xctest */;
			productType = "com.apple.product-type.bundle.unit-test";
		};
		119273232A0A7151006F9A1E /* DeezerAppUITests */ = {
			isa = PBXNativeTarget;
			buildConfigurationList = 119273342A0A7151006F9A1E /* Build configuration list for PBXNativeTarget "DeezerAppUITests" */;
			buildPhases = (
				119273202A0A7151006F9A1E /* Sources */,
				119273212A0A7151006F9A1E /* Frameworks */,
				119273222A0A7151006F9A1E /* Resources */,
			);
			buildRules = (
			);
			dependencies = (
				119273262A0A7151006F9A1E /* PBXTargetDependency */,
			);
			name = DeezerAppUITests;
			productName = DeezerAppUITests;
			productReference = 119273242A0A7151006F9A1E /* DeezerAppUITests.xctest */;
			productType = "com.apple.product-type.bundle.ui-testing";
		};
/* End PBXNativeTarget section */

/* Begin PBXProject section */
		119272FC2A0A7150006F9A1E /* Project object */ = {
			isa = PBXProject;
			attributes = {
				BuildIndependentTargetsInParallel = 1;
				LastSwiftUpdateCheck = 1430;
				LastUpgradeCheck = 1430;
				TargetAttributes = {
					119273032A0A7150006F9A1E = {
						CreatedOnToolsVersion = 14.3;
						LastSwiftMigration = 1430;
					};
					119273192A0A7151006F9A1E = {
						CreatedOnToolsVersion = 14.3;
						TestTargetID = 119273032A0A7150006F9A1E;
					};
					119273232A0A7151006F9A1E = {
						CreatedOnToolsVersion = 14.3;
						TestTargetID = 119273032A0A7150006F9A1E;
					};
				};
			};
			buildConfigurationList = 119272FF2A0A7150006F9A1E /* Build configuration list for PBXProject "DeezerApp" */;
			compatibilityVersion = "Xcode 14.0";
			developmentRegion = en;
			hasScannedForEncodings = 0;
			knownRegions = (
				en,
				Base,
			);
			mainGroup = 119272FB2A0A7150006F9A1E;
			productRefGroup = 119273052A0A7150006F9A1E /* Products */;
			projectDirPath = "";
			projectRoot = "";
			targets = (
				119273032A0A7150006F9A1E /* DeezerApp */,
				119273192A0A7151006F9A1E /* DeezerAppTests */,
				119273232A0A7151006F9A1E /* DeezerAppUITests */,
			);
		};
/* End PBXProject section */

/* Begin PBXResourcesBuildPhase section */
		119273022A0A7150006F9A1E /* Resources */ = {
			isa = PBXResourcesBuildPhase;
			buildActionMask = 2147483647;
			files = (
				119273142A0A7151006F9A1E /* LaunchScreen.storyboard in Resources */,
				11D02E762A0E748A00246735 /* trakcs.sqlite in Resources */,
				119273112A0A7151006F9A1E /* Assets.xcassets in Resources */,
				1192730F2A0A7150006F9A1E /* Main.storyboard in Resources */,
			);
			runOnlyForDeploymentPostprocessing = 0;
		};
		119273182A0A7151006F9A1E /* Resources */ = {
			isa = PBXResourcesBuildPhase;
			buildActionMask = 2147483647;
			files = (
			);
			runOnlyForDeploymentPostprocessing = 0;
		};
		119273222A0A7151006F9A1E /* Resources */ = {
			isa = PBXResourcesBuildPhase;
			buildActionMask = 2147483647;
			files = (
			);
			runOnlyForDeploymentPostprocessing = 0;
		};
/* End PBXResourcesBuildPhase section */

/* Begin PBXSourcesBuildPhase section */
		119273002A0A7150006F9A1E /* Sources */ = {
			isa = PBXSourcesBuildPhase;
			buildActionMask = 2147483647;
			files = (
				119273592A0BF859006F9A1E /* ArtistDetayManager.swift in Sources */,
				1192734B2A0BAA4C006F9A1E /* ArtistManager.swift in Sources */,
				1192735B2A0C0643006F9A1E /* AlbumHucre.swift in Sources */,
				11D02E552A0D1FB500246735 /* TrakcsHucre.swift in Sources */,
				11D02E712A0E6E4200246735 /* FavoriteTracksViewController.swift in Sources */,
				11D02E532A0D1C9700246735 /* ArtistTracksModelManager.swift in Sources */,
				1192730C2A0A7150006F9A1E /* ViewController.swift in Sources */,
				11D02E572A0E54E200246735 /* Tracks.swift in Sources */,
				119273472A0ADA6D006F9A1E /* KategoriHucre.swift in Sources */,
				119273082A0A7150006F9A1E /* AppDelegate.swift in Sources */,
				119273512A0BB0FE006F9A1E /* ArtistHucre.swift in Sources */,
				1192734D2A0BABF7006F9A1E /* ArtistModel.swift in Sources */,
				11D02E6F2A0E6CCA00246735 /* FavoriteTracksHucre.swift in Sources */,
				119273492A0B9CD7006F9A1E /* ArtistViewController.swift in Sources */,
				119273552A0BEF8E006F9A1E /* ArtistDetayViewController.swift in Sources */,
				11D02E682A0E556A00246735 /* FMDatabase.m in Sources */,
				11D02E672A0E556A00246735 /* FMDatabasePool.m in Sources */,
				11D02E512A0D1B0900246735 /* ArtistTracksModel.swift in Sources */,
				1192735D2A0C0D30006F9A1E /* ArtistModelAlbum.swift in Sources */,
				119273432A0AD8CE006F9A1E /* KategoriManager.swift in Sources */,
				1192730A2A0A7150006F9A1E /* SceneDelegate.swift in Sources */,
				11D02E662A0E556A00246735 /* FMResultSet.m in Sources */,
				11D02E6D2A0E55E900246735 /* TracksDao.swift in Sources */,
				119273572A0BF728006F9A1E /* ArtistModelDetay.swift in Sources */,
				11D02E692A0E556A00246735 /* FMDatabaseAdditions.m in Sources */,
				119273532A0BC2F8006F9A1E /* Kategori.swift in Sources */,
				11D02E652A0E556A00246735 /* FMDatabaseQueue.m in Sources */,
				11D02E4F2A0D183D00246735 /* ArtistTrackViewController.swift in Sources */,
				1192733F2A0A7E1D006F9A1E /* KategoriModel.swift in Sources */,
			);
			runOnlyForDeploymentPostprocessing = 0;
		};
		119273162A0A7151006F9A1E /* Sources */ = {
			isa = PBXSourcesBuildPhase;
			buildActionMask = 2147483647;
			files = (
				1192731F2A0A7151006F9A1E /* DeezerAppTests.swift in Sources */,
			);
			runOnlyForDeploymentPostprocessing = 0;
		};
		119273202A0A7151006F9A1E /* Sources */ = {
			isa = PBXSourcesBuildPhase;
			buildActionMask = 2147483647;
			files = (
				119273292A0A7151006F9A1E /* DeezerAppUITests.swift in Sources */,
				1192732B2A0A7151006F9A1E /* DeezerAppUITestsLaunchTests.swift in Sources */,
			);
			runOnlyForDeploymentPostprocessing = 0;
		};
/* End PBXSourcesBuildPhase section */

/* Begin PBXTargetDependency section */
		1192731C2A0A7151006F9A1E /* PBXTargetDependency */ = {
			isa = PBXTargetDependency;
			target = 119273032A0A7150006F9A1E /* DeezerApp */;
			targetProxy = 1192731B2A0A7151006F9A1E /* PBXContainerItemProxy */;
		};
		119273262A0A7151006F9A1E /* PBXTargetDependency */ = {
			isa = PBXTargetDependency;
			target = 119273032A0A7150006F9A1E /* DeezerApp */;
			targetProxy = 119273252A0A7151006F9A1E /* PBXContainerItemProxy */;
		};
/* End PBXTargetDependency section */

/* Begin PBXVariantGroup section */
		1192730D2A0A7150006F9A1E /* Main.storyboard */ = {
			isa = PBXVariantGroup;
			children = (
				1192730E2A0A7150006F9A1E /* Base */,
			);
			name = Main.storyboard;
			sourceTree = "<group>";
		};
		119273122A0A7151006F9A1E /* LaunchScreen.storyboard */ = {
			isa = PBXVariantGroup;
			children = (
				119273132A0A7151006F9A1E /* Base */,
			);
			name = LaunchScreen.storyboard;
			sourceTree = "<group>";
		};
/* End PBXVariantGroup section */

/* Begin XCBuildConfiguration section */
		1192732C2A0A7151006F9A1E /* Debug */ = {
			isa = XCBuildConfiguration;
			buildSettings = {
				ALWAYS_SEARCH_USER_PATHS = NO;
				CLANG_ANALYZER_NONNULL = YES;
				CLANG_ANALYZER_NUMBER_OBJECT_CONVERSION = YES_AGGRESSIVE;
				CLANG_CXX_LANGUAGE_STANDARD = "gnu++20";
				CLANG_ENABLE_MODULES = YES;
				CLANG_ENABLE_OBJC_ARC = YES;
				CLANG_ENABLE_OBJC_WEAK = YES;
				CLANG_WARN_BLOCK_CAPTURE_AUTORELEASING = YES;
				CLANG_WARN_BOOL_CONVERSION = YES;
				CLANG_WARN_COMMA = YES;
				CLANG_WARN_CONSTANT_CONVERSION = YES;
				CLANG_WARN_DEPRECATED_OBJC_IMPLEMENTATIONS = YES;
				CLANG_WARN_DIRECT_OBJC_ISA_USAGE = YES_ERROR;
				CLANG_WARN_DOCUMENTATION_COMMENTS = YES;
				CLANG_WARN_EMPTY_BODY = YES;
				CLANG_WARN_ENUM_CONVERSION = YES;
				CLANG_WARN_INFINITE_RECURSION = YES;
				CLANG_WARN_INT_CONVERSION = YES;
				CLANG_WARN_NON_LITERAL_NULL_CONVERSION = YES;
				CLANG_WARN_OBJC_IMPLICIT_RETAIN_SELF = YES;
				CLANG_WARN_OBJC_LITERAL_CONVERSION = YES;
				CLANG_WARN_OBJC_ROOT_CLASS = YES_ERROR;
				CLANG_WARN_QUOTED_INCLUDE_IN_FRAMEWORK_HEADER = YES;
				CLANG_WARN_RANGE_LOOP_ANALYSIS = YES;
				CLANG_WARN_STRICT_PROTOTYPES = YES;
				CLANG_WARN_SUSPICIOUS_MOVE = YES;
				CLANG_WARN_UNGUARDED_AVAILABILITY = YES_AGGRESSIVE;
				CLANG_WARN_UNREACHABLE_CODE = YES;
				CLANG_WARN__DUPLICATE_METHOD_MATCH = YES;
				COPY_PHASE_STRIP = NO;
				DEBUG_INFORMATION_FORMAT = dwarf;
				ENABLE_STRICT_OBJC_MSGSEND = YES;
				ENABLE_TESTABILITY = YES;
				GCC_C_LANGUAGE_STANDARD = gnu11;
				GCC_DYNAMIC_NO_PIC = NO;
				GCC_NO_COMMON_BLOCKS = YES;
				GCC_OPTIMIZATION_LEVEL = 0;
				GCC_PREPROCESSOR_DEFINITIONS = (
					"DEBUG=1",
					"$(inherited)",
				);
				GCC_WARN_64_TO_32_BIT_CONVERSION = YES;
				GCC_WARN_ABOUT_RETURN_TYPE = YES_ERROR;
				GCC_WARN_UNDECLARED_SELECTOR = YES;
				GCC_WARN_UNINITIALIZED_AUTOS = YES_AGGRESSIVE;
				GCC_WARN_UNUSED_FUNCTION = YES;
				GCC_WARN_UNUSED_VARIABLE = YES;
				IPHONEOS_DEPLOYMENT_TARGET = 16.4;
				MTL_ENABLE_DEBUG_INFO = INCLUDE_SOURCE;
				MTL_FAST_MATH = YES;
				ONLY_ACTIVE_ARCH = YES;
				SDKROOT = iphoneos;
				SWIFT_ACTIVE_COMPILATION_CONDITIONS = DEBUG;
				SWIFT_OPTIMIZATION_LEVEL = "-Onone";
			};
			name = Debug;
		};
		1192732D2A0A7151006F9A1E /* Release */ = {
			isa = XCBuildConfiguration;
			buildSettings = {
				ALWAYS_SEARCH_USER_PATHS = NO;
				CLANG_ANALYZER_NONNULL = YES;
				CLANG_ANALYZER_NUMBER_OBJECT_CONVERSION = YES_AGGRESSIVE;
				CLANG_CXX_LANGUAGE_STANDARD = "gnu++20";
				CLANG_ENABLE_MODULES = YES;
				CLANG_ENABLE_OBJC_ARC = YES;
				CLANG_ENABLE_OBJC_WEAK = YES;
				CLANG_WARN_BLOCK_CAPTURE_AUTORELEASING = YES;
				CLANG_WARN_BOOL_CONVERSION = YES;
				CLANG_WARN_COMMA = YES;
				CLANG_WARN_CONSTANT_CONVERSION = YES;
				CLANG_WARN_DEPRECATED_OBJC_IMPLEMENTATIONS = YES;
				CLANG_WARN_DIRECT_OBJC_ISA_USAGE = YES_ERROR;
				CLANG_WARN_DOCUMENTATION_COMMENTS = YES;
				CLANG_WARN_EMPTY_BODY = YES;
				CLANG_WARN_ENUM_CONVERSION = YES;
				CLANG_WARN_INFINITE_RECURSION = YES;
				CLANG_WARN_INT_CONVERSION = YES;
				CLANG_WARN_NON_LITERAL_NULL_CONVERSION = YES;
				CLANG_WARN_OBJC_IMPLICIT_RETAIN_SELF = YES;
				CLANG_WARN_OBJC_LITERAL_CONVERSION = YES;
				CLANG_WARN_OBJC_ROOT_CLASS = YES_ERROR;
				CLANG_WARN_QUOTED_INCLUDE_IN_FRAMEWORK_HEADER = YES;
				CLANG_WARN_RANGE_LOOP_ANALYSIS = YES;
				CLANG_WARN_STRICT_PROTOTYPES = YES;
				CLANG_WARN_SUSPICIOUS_MOVE = YES;
				CLANG_WARN_UNGUARDED_AVAILABILITY = YES_AGGRESSIVE;
				CLANG_WARN_UNREACHABLE_CODE = YES;
				CLANG_WARN__DUPLICATE_METHOD_MATCH = YES;
				COPY_PHASE_STRIP = NO;
				DEBUG_INFORMATION_FORMAT = "dwarf-with-dsym";
				ENABLE_NS_ASSERTIONS = NO;
				ENABLE_STRICT_OBJC_MSGSEND = YES;
				GCC_C_LANGUAGE_STANDARD = gnu11;
				GCC_NO_COMMON_BLOCKS = YES;
				GCC_WARN_64_TO_32_BIT_CONVERSION = YES;
				GCC_WARN_ABOUT_RETURN_TYPE = YES_ERROR;
				GCC_WARN_UNDECLARED_SELECTOR = YES;
				GCC_WARN_UNINITIALIZED_AUTOS = YES_AGGRESSIVE;
				GCC_WARN_UNUSED_FUNCTION = YES;
				GCC_WARN_UNUSED_VARIABLE = YES;
				IPHONEOS_DEPLOYMENT_TARGET = 16.4;
				MTL_ENABLE_DEBUG_INFO = NO;
				MTL_FAST_MATH = YES;
				SDKROOT = iphoneos;
				SWIFT_COMPILATION_MODE = wholemodule;
				SWIFT_OPTIMIZATION_LEVEL = "-O";
				VALIDATE_PRODUCT = YES;
			};
			name = Release;
		};
		1192732F2A0A7151006F9A1E /* Debug */ = {
			isa = XCBuildConfiguration;
			buildSettings = {
				ASSETCATALOG_COMPILER_APPICON_NAME = AppIcon;
				ASSETCATALOG_COMPILER_GLOBAL_ACCENT_COLOR_NAME = AccentColor;
				CLANG_ENABLE_MODULES = YES;
				CODE_SIGN_STYLE = Automatic;
				CURRENT_PROJECT_VERSION = 1;
				GENERATE_INFOPLIST_FILE = YES;
				INFOPLIST_FILE = DeezerApp/Info.plist;
				INFOPLIST_KEY_UIApplicationSupportsIndirectInputEvents = YES;
				INFOPLIST_KEY_UILaunchStoryboardName = LaunchScreen;
				INFOPLIST_KEY_UIMainStoryboardFile = Main;
				INFOPLIST_KEY_UISupportedInterfaceOrientations_iPad = "UIInterfaceOrientationPortrait UIInterfaceOrientationPortraitUpsideDown UIInterfaceOrientationLandscapeLeft UIInterfaceOrientationLandscapeRight";
				INFOPLIST_KEY_UISupportedInterfaceOrientations_iPhone = "UIInterfaceOrientationPortrait UIInterfaceOrientationLandscapeLeft UIInterfaceOrientationLandscapeRight";
				LD_RUNPATH_SEARCH_PATHS = (
					"$(inherited)",
					"@executable_path/Frameworks",
				);
				MARKETING_VERSION = 1.0;
				PRODUCT_BUNDLE_IDENTIFIER = com.bartukara.DeezerApp;
				PRODUCT_NAME = "$(TARGET_NAME)";
				SWIFT_EMIT_LOC_STRINGS = YES;
				SWIFT_OBJC_BRIDGING_HEADER = "DeezerApp/Xqlite/DeezerApp-Bridging-Header.h";
				SWIFT_OPTIMIZATION_LEVEL = "-Onone";
				SWIFT_VERSION = 5.0;
				TARGETED_DEVICE_FAMILY = "1,2";
			};
			name = Debug;
		};
		119273302A0A7151006F9A1E /* Release */ = {
			isa = XCBuildConfiguration;
			buildSettings = {
				ASSETCATALOG_COMPILER_APPICON_NAME = AppIcon;
				ASSETCATALOG_COMPILER_GLOBAL_ACCENT_COLOR_NAME = AccentColor;
				CLANG_ENABLE_MODULES = YES;
				CODE_SIGN_STYLE = Automatic;
				CURRENT_PROJECT_VERSION = 1;
				GENERATE_INFOPLIST_FILE = YES;
				INFOPLIST_FILE = DeezerApp/Info.plist;
				INFOPLIST_KEY_UIApplicationSupportsIndirectInputEvents = YES;
				INFOPLIST_KEY_UILaunchStoryboardName = LaunchScreen;
				INFOPLIST_KEY_UIMainStoryboardFile = Main;
				INFOPLIST_KEY_UISupportedInterfaceOrientations_iPad = "UIInterfaceOrientationPortrait UIInterfaceOrientationPortraitUpsideDown UIInterfaceOrientationLandscapeLeft UIInterfaceOrientationLandscapeRight";
				INFOPLIST_KEY_UISupportedInterfaceOrientations_iPhone = "UIInterfaceOrientationPortrait UIInterfaceOrientationLandscapeLeft UIInterfaceOrientationLandscapeRight";
				LD_RUNPATH_SEARCH_PATHS = (
					"$(inherited)",
					"@executable_path/Frameworks",
				);
				MARKETING_VERSION = 1.0;
				PRODUCT_BUNDLE_IDENTIFIER = com.bartukara.DeezerApp;
				PRODUCT_NAME = "$(TARGET_NAME)";
				SWIFT_EMIT_LOC_STRINGS = YES;
				SWIFT_OBJC_BRIDGING_HEADER = "DeezerApp/Xqlite/DeezerApp-Bridging-Header.h";
				SWIFT_VERSION = 5.0;
				TARGETED_DEVICE_FAMILY = "1,2";
			};
			name = Release;
		};
		119273322A0A7151006F9A1E /* Debug */ = {
			isa = XCBuildConfiguration;
			buildSettings = {
				ALWAYS_EMBED_SWIFT_STANDARD_LIBRARIES = YES;
				BUNDLE_LOADER = "$(TEST_HOST)";
				CODE_SIGN_STYLE = Automatic;
				CURRENT_PROJECT_VERSION = 1;
				GENERATE_INFOPLIST_FILE = YES;
				IPHONEOS_DEPLOYMENT_TARGET = 16.4;
				MARKETING_VERSION = 1.0;
				PRODUCT_BUNDLE_IDENTIFIER = com.bartukara.DeezerAppTests;
				PRODUCT_NAME = "$(TARGET_NAME)";
				SWIFT_EMIT_LOC_STRINGS = NO;
				SWIFT_VERSION = 5.0;
				TARGETED_DEVICE_FAMILY = "1,2";
				TEST_HOST = "$(BUILT_PRODUCTS_DIR)/DeezerApp.app/$(BUNDLE_EXECUTABLE_FOLDER_PATH)/DeezerApp";
			};
			name = Debug;
		};
		119273332A0A7151006F9A1E /* Release */ = {
			isa = XCBuildConfiguration;
			buildSettings = {
				ALWAYS_EMBED_SWIFT_STANDARD_LIBRARIES = YES;
				BUNDLE_LOADER = "$(TEST_HOST)";
				CODE_SIGN_STYLE = Automatic;
				CURRENT_PROJECT_VERSION = 1;
				GENERATE_INFOPLIST_FILE = YES;
				IPHONEOS_DEPLOYMENT_TARGET = 16.4;
				MARKETING_VERSION = 1.0;
				PRODUCT_BUNDLE_IDENTIFIER = com.bartukara.DeezerAppTests;
				PRODUCT_NAME = "$(TARGET_NAME)";
				SWIFT_EMIT_LOC_STRINGS = NO;
				SWIFT_VERSION = 5.0;
				TARGETED_DEVICE_FAMILY = "1,2";
				TEST_HOST = "$(BUILT_PRODUCTS_DIR)/DeezerApp.app/$(BUNDLE_EXECUTABLE_FOLDER_PATH)/DeezerApp";
			};
			name = Release;
		};
		119273352A0A7151006F9A1E /* Debug */ = {
			isa = XCBuildConfiguration;
			buildSettings = {
				ALWAYS_EMBED_SWIFT_STANDARD_LIBRARIES = YES;
				CODE_SIGN_STYLE = Automatic;
				CURRENT_PROJECT_VERSION = 1;
				GENERATE_INFOPLIST_FILE = YES;
				MARKETING_VERSION = 1.0;
				PRODUCT_BUNDLE_IDENTIFIER = com.bartukara.DeezerAppUITests;
				PRODUCT_NAME = "$(TARGET_NAME)";
				SWIFT_EMIT_LOC_STRINGS = NO;
				SWIFT_VERSION = 5.0;
				TARGETED_DEVICE_FAMILY = "1,2";
				TEST_TARGET_NAME = DeezerApp;
			};
			name = Debug;
		};
		119273362A0A7151006F9A1E /* Release */ = {
			isa = XCBuildConfiguration;
			buildSettings = {
				ALWAYS_EMBED_SWIFT_STANDARD_LIBRARIES = YES;
				CODE_SIGN_STYLE = Automatic;
				CURRENT_PROJECT_VERSION = 1;
				GENERATE_INFOPLIST_FILE = YES;
				MARKETING_VERSION = 1.0;
				PRODUCT_BUNDLE_IDENTIFIER = com.bartukara.DeezerAppUITests;
				PRODUCT_NAME = "$(TARGET_NAME)";
				SWIFT_EMIT_LOC_STRINGS = NO;
				SWIFT_VERSION = 5.0;
				TARGETED_DEVICE_FAMILY = "1,2";
				TEST_TARGET_NAME = DeezerApp;
			};
			name = Release;
		};
/* End XCBuildConfiguration section */

/* Begin XCConfigurationList section */
		119272FF2A0A7150006F9A1E /* Build configuration list for PBXProject "DeezerApp" */ = {
			isa = XCConfigurationList;
			buildConfigurations = (
				1192732C2A0A7151006F9A1E /* Debug */,
				1192732D2A0A7151006F9A1E /* Release */,
			);
			defaultConfigurationIsVisible = 0;
			defaultConfigurationName = Release;
		};
		1192732E2A0A7151006F9A1E /* Build configuration list for PBXNativeTarget "DeezerApp" */ = {
			isa = XCConfigurationList;
			buildConfigurations = (
				1192732F2A0A7151006F9A1E /* Debug */,
				119273302A0A7151006F9A1E /* Release */,
			);
			defaultConfigurationIsVisible = 0;
			defaultConfigurationName = Release;
		};
		119273312A0A7151006F9A1E /* Build configuration list for PBXNativeTarget "DeezerAppTests" */ = {
			isa = XCConfigurationList;
			buildConfigurations = (
				119273322A0A7151006F9A1E /* Debug */,
				119273332A0A7151006F9A1E /* Release */,
			);
			defaultConfigurationIsVisible = 0;
			defaultConfigurationName = Release;
		};
		119273342A0A7151006F9A1E /* Build configuration list for PBXNativeTarget "DeezerAppUITests" */ = {
			isa = XCConfigurationList;
			buildConfigurations = (
				119273352A0A7151006F9A1E /* Debug */,
				119273362A0A7151006F9A1E /* Release */,
			);
			defaultConfigurationIsVisible = 0;
			defaultConfigurationName = Release;
		};
/* End XCConfigurationList section */
	};
	rootObject = 119272FC2A0A7150006F9A1E /* Project object */;
}
